
Microsoft Visual Studio Solution File, Format Version 12.00
# Visual Studio Version 17
VisualStudioVersion = 17.13.35825.156 d17.13
MinimumVisualStudioVersion = 10.0.40219.1
Project("{54A90642-561A-4BB1-A94E-469ADEE60C69}") = "reactproject2", "reactproject2\reactproject2.esproj", "{EF070605-1A39-8741-BBD5-13320106E07C}"
EndProject
Global
	GlobalSection(SolutionConfigurationPlatforms) = preSolution
		Debug|Any CPU = Debug|Any CPU
		Release|Any CPU = Release|Any CPU
	EndGlobalSection
	GlobalSection(ProjectConfigurationPlatforms) = postSolution
		{EF070605-1A39-8741-BBD5-13320106E07C}.Debug|Any CPU.ActiveCfg = Debug|Any CPU
		{EF070605-1A39-8741-BBD5-13320106E07C}.Debug|Any CPU.Build.0 = Debug|Any CPU
		{EF070605-1A39-8741-BBD5-13320106E07C}.Debug|Any CPU.Deploy.0 = Debug|Any CPU
		{EF070605-1A39-8741-BBD5-13320106E07C}.Release|Any CPU.ActiveCfg = Release|Any CPU
		{EF070605-1A39-8741-BBD5-13320106E07C}.Release|Any CPU.Build.0 = Release|Any CPU
		{EF070605-1A39-8741-BBD5-13320106E07C}.Release|Any CPU.Deploy.0 = Release|Any CPU
	EndGlobalSection
	GlobalSection(SolutionProperties) = preSolution
		HideSolutionNode = FALSE
	EndGlobalSection
	GlobalSection(ExtensibilityGlobals) = postSolution
		SolutionGuid = {92305690-737A-428D-B767-3762338D5AB7}
	EndGlobalSection
EndGlobal
